
Microsoft Visual Studio Solution File, Format Version 12.00
# Visual Studio Version 17
VisualStudioVersion = 17.7.33808.371
MinimumVisualStudioVersion = 10.0.40219.1
Project("{FAE04EC0-301F-11D3-BF4B-00C04F79EFBC}") = "DiSi.WarshipsBattle.Core", "DiSi.WarshipsBattle.Core\DiSi.WarshipsBattle.Core.csproj", "{A42AF39B-5D54-40A9-9DAF-E27F1EDBF78C}"
EndProject
Global
	GlobalSection(SolutionConfigurationPlatforms) = preSolution
		Debug|Any CPU = Debug|Any CPU
		Release|Any CPU = Release|Any CPU
	EndGlobalSection
	GlobalSection(ProjectConfigurationPlatforms) = postSolution
		{A42AF39B-5D54-40A9-9DAF-E27F1EDBF78C}.Debug|Any CPU.ActiveCfg = Debug|Any CPU
		{A42AF39B-5D54-40A9-9DAF-E27F1EDBF78C}.Debug|Any CPU.Build.0 = Debug|Any CPU
		{A42AF39B-5D54-40A9-9DAF-E27F1EDBF78C}.Release|Any CPU.ActiveCfg = Release|Any CPU
		{A42AF39B-5D54-40A9-9DAF-E27F1EDBF78C}.Release|Any CPU.Build.0 = Release|Any CPU
	EndGlobalSection
	GlobalSection(SolutionProperties) = preSolution
		HideSolutionNode = FALSE
	EndGlobalSection
	GlobalSection(ExtensibilityGlobals) = postSolution
		SolutionGuid = {9EE9A7E5-7613-48D5-A1F4-FE0B3A65EFD7}
	EndGlobalSection
EndGlobal
